// !$*UTF8*$!
{
	archiveVersion = 1;
	classes = {
	};
	objectVersion = 46;
	objects = {

/* Begin PBXBuildFile section */
		E2B89049F794D944E8EB40A9 /* TestData.m in Sources */ = {isa = PBXBuildFile; fileRef = E2B897C6241EC790C2A2584A /* TestData.m */; };
		E2B8908A5934F096A8492540 /* DOPDataTestDataNullStruct.m in Sources */ = {isa = PBXBuildFile; fileRef = E2B89CF9D5332E86D22F5BDB /* DOPDataTestDataNullStruct.m */; };
		E2B891C3B58A3D05CFB944A2 /* DOPRolePostResponseDemoRole.m in Sources */ = {isa = PBXBuildFile; fileRef = E2B89DA12FA026BFBB43BB21 /* DOPRolePostResponseDemoRole.m */; };
		E2B891C6E42A3C38BE204C14 /* DOPMathResponseAdd.m in Sources */ = {isa = PBXBuildFile; fileRef = E2B8957F275813D41D255EBF /* DOPMathResponseAdd.m */; };
		E2B8934B8DB4F0747A79D927 /* DOPRoleDeleteRequestDemoRole.m in Sources */ = {isa = PBXBuildFile; fileRef = E2B898A846D78BAD2EA5D58F /* DOPRoleDeleteRequestDemoRole.m */; };
		E2B893FAD4A9EBD2C17C2597 /* DOPRolePostRequestNewRole.m in Sources */ = {isa = PBXBuildFile; fileRef = E2B8955292B24C28B44A6204 /* DOPRolePostRequestNewRole.m */; };
		E2B893FE1936F12875C775EA /* DOPMathMathTest.m in Sources */ = {isa = PBXBuildFile; fileRef = E2B897998468F41EF37DA861 /* DOPMathMathTest.m */; };
		E2B8948FEB1DD22C8E17F86B /* FFANDOPUtils.m in Sources */ = {isa = PBXBuildFile; fileRef = E2B898F4704EBCB79808CC2D /* FFANDOPUtils.m */; };
		E2B894EBEE6EED51B5C1AF25 /* DOPRoleRoleInfoChildren.m in Sources */ = {isa = PBXBuildFile; fileRef = E2B89C2080E4751901D2BF4B /* DOPRoleRoleInfoChildren.m */; };
		E2B8953AF3BFE067053C7614 /* DOPRoleRoleInfo.m in Sources */ = {isa = PBXBuildFile; fileRef = E2B89433240A9EB1EF1DBB93 /* DOPRoleRoleInfo.m */; };
		E2B895A0120FD2A70C4944CF /* DOPRoleRequestDemoRole.m in Sources */ = {isa = PBXBuildFile; fileRef = E2B895CBF130E4543A089579 /* DOPRoleRequestDemoRole.m */; };
		E2B895A8277AA16DBB9109BE /* DOPRolePostResponseNewRole.m in Sources */ = {isa = PBXBuildFile; fileRef = E2B893DE43F95A8C190FC7E9 /* DOPRolePostResponseNewRole.m */; };
		E2B895BD39ADFDA1AEFDD521 /* DOPDataTestDataTestStruct.m in Sources */ = {isa = PBXBuildFile; fileRef = E2B89F6FB96062BC3764AD30 /* DOPDataTestDataTestStruct.m */; };
		E2B896DC53B07E0994D73DC8 /* DOPRolePutResponseDemoRoleDataMap.m in Sources */ = {isa = PBXBuildFile; fileRef = E2B89F74B13A36B7A7C1063A /* DOPRolePutResponseDemoRoleDataMap.m */; };
		E2B897565191EE10E055E7CC /* JsonTest.m in Sources */ = {isa = PBXBuildFile; fileRef = E2B892D29030D1CACC2B3068 /* JsonTest.m */; };
		E2B897D4C10C07E99D33829E /* DOPDataTestData.m in Sources */ = {isa = PBXBuildFile; fileRef = E2B8979F04006B2C8492557D /* DOPDataTestData.m */; };
		E2B897E96AF312193342D907 /* DOPMathRequestAdd.m in Sources */ = {isa = PBXBuildFile; fileRef = E2B89B15776F131129A3442B /* DOPMathRequestAdd.m */; };
		E2B8985685868646FF387503 /* DOPRolePutRequestDemoRole.m in Sources */ = {isa = PBXBuildFile; fileRef = E2B89E681DE8632AE6B29DEF /* DOPRolePutRequestDemoRole.m */; };
		E2B8999667884CBBEA4658A2 /* DOPDataSimpleData.m in Sources */ = {isa = PBXBuildFile; fileRef = E2B897DDE5A51EE5B166AEEC /* DOPDataSimpleData.m */; };
		E2B8999D01EE20D3E6989374 /* DOPRoleResponseDemoRole.m in Sources */ = {isa = PBXBuildFile; fileRef = E2B897CB9EC7409954AEADEE /* DOPRoleResponseDemoRole.m */; };
		E2B899ABF57B42494449F9C6 /* TestBin.m in Sources */ = {isa = PBXBuildFile; fileRef = E2B89ADF92FD8C76F66B6892 /* TestBin.m */; };
		E2B89A098B369575F8E86652 /* main.m in Sources */ = {isa = PBXBuildFile; fileRef = E2B8983D1307764628BF60DB /* main.m */; };
		E2B89CB97099B5C445153C7A /* DOPRoleResponseDemoData.m in Sources */ = {isa = PBXBuildFile; fileRef = E2B893985DFA95AC689E2601 /* DOPRoleResponseDemoData.m */; };
		E2B89D8D244336C2ABEB9147 /* DOPRolePutResponseDemoRole.m in Sources */ = {isa = PBXBuildFile; fileRef = E2B89EC45CF591B7379F3818 /* DOPRolePutResponseDemoRole.m */; };
		E2B89DD56BA299C00BC52BD5 /* DOPRoleRequestDemoData.m in Sources */ = {isa = PBXBuildFile; fileRef = E2B89C546E71A65CD964A48C /* DOPRoleRequestDemoData.m */; };
		E2B89DF357D574A6F8F7D9CA /* DOPMathMathTestTestArr.m in Sources */ = {isa = PBXBuildFile; fileRef = E2B89659DBB7C7DFE4D0BED2 /* DOPMathMathTestTestArr.m */; };
		E2B89E1B82A8C0DA32B0F383 /* DOPRolePostRequestDemoRole.m in Sources */ = {isa = PBXBuildFile; fileRef = E2B89FA541348CB5DDDEFF90 /* DOPRolePostRequestDemoRole.m */; };
		E2B89E472AF2713E14ABF2DC /* FFANDOPDecode.m in Sources */ = {isa = PBXBuildFile; fileRef = E2B890AAC5F7B027F5D3399E /* FFANDOPDecode.m */; };
		E2B89EAC169E105FF81F7B69 /* DOPDataTestArr.m in Sources */ = {isa = PBXBuildFile; fileRef = E2B89DC6243A9EE99B43B77E /* DOPDataTestArr.m */; };
		E2B89EC20C769F2D3D169D63 /* DOPRoleDeleteResponseDemoRole.m in Sources */ = {isa = PBXBuildFile; fileRef = E2B89F2A3A1EC77120AD55AB /* DOPRoleDeleteResponseDemoRole.m */; };
		E2B89EC67B27178E649CA98D /* FFANDOPProtocol.m in Sources */ = {isa = PBXBuildFile; fileRef = E2B89AA0378D43658AF6FD17 /* FFANDOPProtocol.m */; };
		E2B89EEFBB029BEF19A9B12A /* DOPRolePutResponseDemoRoleDataMapDemo.m in Sources */ = {isa = PBXBuildFile; fileRef = E2B8970A1CD21A96FDA38F1C /* DOPRolePutResponseDemoRoleDataMapDemo.m */; };
		E2B89F08B3D3C862C7E5258B /* FFANDOPEncode.m in Sources */ = {isa = PBXBuildFile; fileRef = E2B89E4F9C8E61177FBE2657 /* FFANDOPEncode.m */; };
/* End PBXBuildFile section */

/* Begin PBXCopyFilesBuildPhase section */
		E2B8985876A8F70CE5689D7F /* CopyFiles */ = {
			isa = PBXCopyFilesBuildPhase;
			buildActionMask = 2147483647;
			dstPath = /usr/share/man/man1/;
			dstSubfolderSpec = 0;
			files = (
			);
			runOnlyForDeploymentPostprocessing = 1;
		};
/* End PBXCopyFilesBuildPhase section */

/* Begin PBXFileReference section */
		E2B89014ED0E4ADF171F3107 /* DOPRolePutResponseDemoRoleDataMapDemo.h */ = {isa = PBXFileReference; fileEncoding = 4; lastKnownFileType = sourcecode.c.h; path = DOPRolePutResponseDemoRoleDataMapDemo.h; sourceTree = "<group>"; };
		E2B8901A22EFDF33D78B6FC2 /* DOPRolePostResponseDemoRole.h */ = {isa = PBXFileReference; fileEncoding = 4; lastKnownFileType = sourcecode.c.h; path = DOPRolePostResponseDemoRole.h; sourceTree = "<group>"; };
		E2B89022903C46A20711A33C /* DOPRolePostRequestDemoRole.h */ = {isa = PBXFileReference; fileEncoding = 4; lastKnownFileType = sourcecode.c.h; path = DOPRolePostRequestDemoRole.h; sourceTree = "<group>"; };
		E2B8909F721F70F1C4B3BF73 /* DOPDataSimpleData.h */ = {isa = PBXFileReference; fileEncoding = 4; lastKnownFileType = sourcecode.c.h; path = DOPDataSimpleData.h; sourceTree = "<group>"; };
		E2B890AAC5F7B027F5D3399E /* FFANDOPDecode.m */ = {isa = PBXFileReference; fileEncoding = 4; lastKnownFileType = sourcecode.c.objc; path = FFANDOPDecode.m; sourceTree = "<group>"; };
		E2B890C89810EF7C7D27B735 /* DOPMathMathTest.h */ = {isa = PBXFileReference; fileEncoding = 4; lastKnownFileType = sourcecode.c.h; path = DOPMathMathTest.h; sourceTree = "<group>"; };
		E2B89160EBFB2129D7E2DE87 /* DOPRoleRoleInfoChildren.h */ = {isa = PBXFileReference; fileEncoding = 4; lastKnownFileType = sourcecode.c.h; path = DOPRoleRoleInfoChildren.h; sourceTree = "<group>"; };
		E2B8917CCC4E995DCF4070BA /* DOPDataTestDataTestStruct.h */ = {isa = PBXFileReference; fileEncoding = 4; lastKnownFileType = sourcecode.c.h; path = DOPDataTestDataTestStruct.h; sourceTree = "<group>"; };
		E2B8922BABDD9E6E4789D293 /* DOPRoleRoleInfo.h */ = {isa = PBXFileReference; fileEncoding = 4; lastKnownFileType = sourcecode.c.h; path = DOPRoleRoleInfo.h; sourceTree = "<group>"; };
		E2B8926396141340E0950A57 /* DOPRoleDeleteResponseDemoRole.h */ = {isa = PBXFileReference; fileEncoding = 4; lastKnownFileType = sourcecode.c.h; path = DOPRoleDeleteResponseDemoRole.h; sourceTree = "<group>"; };
		E2B892D29030D1CACC2B3068 /* JsonTest.m */ = {isa = PBXFileReference; fileEncoding = 4; lastKnownFileType = sourcecode.c.objc; path = JsonTest.m; sourceTree = "<group>"; };
		E2B8934DDFA89BEDECD687AC /* DOPRolePostResponseNewRole.h */ = {isa = PBXFileReference; fileEncoding = 4; lastKnownFileType = sourcecode.c.h; path = DOPRolePostResponseNewRole.h; sourceTree = "<group>"; };
		E2B8936D2EE74492570E623F /* DOPRolePutResponseDemoRoleDataMap.h */ = {isa = PBXFileReference; fileEncoding = 4; lastKnownFileType = sourcecode.c.h; path = DOPRolePutResponseDemoRoleDataMap.h; sourceTree = "<group>"; };
		E2B8937B8348EAF7212820B9 /* FFANDOPProtocol.h */ = {isa = PBXFileReference; fileEncoding = 4; lastKnownFileType = sourcecode.c.h; path = FFANDOPProtocol.h; sourceTree = "<group>"; };
		E2B8938D83B7AF9C47D35545 /* DOPRoleRequestDemoRole.h */ = {isa = PBXFileReference; fileEncoding = 4; lastKnownFileType = sourcecode.c.h; path = DOPRoleRequestDemoRole.h; sourceTree = "<group>"; };
		E2B893985DFA95AC689E2601 /* DOPRoleResponseDemoData.m */ = {isa = PBXFileReference; fileEncoding = 4; lastKnownFileType = sourcecode.c.objc; path = DOPRoleResponseDemoData.m; sourceTree = "<group>"; };
		E2B893DE43F95A8C190FC7E9 /* DOPRolePostResponseNewRole.m */ = {isa = PBXFileReference; fileEncoding = 4; lastKnownFileType = sourcecode.c.objc; path = DOPRolePostResponseNewRole.m; sourceTree = "<group>"; };
		E2B89433240A9EB1EF1DBB93 /* DOPRoleRoleInfo.m */ = {isa = PBXFileReference; fileEncoding = 4; lastKnownFileType = sourcecode.c.objc; path = DOPRoleRoleInfo.m; sourceTree = "<group>"; };
		E2B8945BBD571E72A44F15ED /* TestData.h */ = {isa = PBXFileReference; fileEncoding = 4; lastKnownFileType = sourcecode.c.h; path = TestData.h; sourceTree = "<group>"; };
		E2B895447DC894B54C232D50 /* DOPDataTestData.h */ = {isa = PBXFileReference; fileEncoding = 4; lastKnownFileType = sourcecode.c.h; path = DOPDataTestData.h; sourceTree = "<group>"; };
		E2B8955292B24C28B44A6204 /* DOPRolePostRequestNewRole.m */ = {isa = PBXFileReference; fileEncoding = 4; lastKnownFileType = sourcecode.c.objc; path = DOPRolePostRequestNewRole.m; sourceTree = "<group>"; };
		E2B8957F275813D41D255EBF /* DOPMathResponseAdd.m */ = {isa = PBXFileReference; fileEncoding = 4; lastKnownFileType = sourcecode.c.objc; path = DOPMathResponseAdd.m; sourceTree = "<group>"; };
		E2B895CBF130E4543A089579 /* DOPRoleRequestDemoRole.m */ = {isa = PBXFileReference; fileEncoding = 4; lastKnownFileType = sourcecode.c.objc; path = DOPRoleRequestDemoRole.m; sourceTree = "<group>"; };
		E2B89656729ED3C1E6424E76 /* TestBin.h */ = {isa = PBXFileReference; fileEncoding = 4; lastKnownFileType = sourcecode.c.h; path = TestBin.h; sourceTree = "<group>"; };
		E2B89659DBB7C7DFE4D0BED2 /* DOPMathMathTestTestArr.m */ = {isa = PBXFileReference; fileEncoding = 4; lastKnownFileType = sourcecode.c.objc; path = DOPMathMathTestTestArr.m; sourceTree = "<group>"; };
		E2B896D0C6A7E2D9E680A276 /* FFANDOPEncode.h */ = {isa = PBXFileReference; fileEncoding = 4; lastKnownFileType = sourcecode.c.h; path = FFANDOPEncode.h; sourceTree = "<group>"; };
		E2B8970A1CD21A96FDA38F1C /* DOPRolePutResponseDemoRoleDataMapDemo.m */ = {isa = PBXFileReference; fileEncoding = 4; lastKnownFileType = sourcecode.c.objc; path = DOPRolePutResponseDemoRoleDataMapDemo.m; sourceTree = "<group>"; };
		E2B8970EA0D20F081A4124C5 /* DOPDataTestDataNullStruct.h */ = {isa = PBXFileReference; fileEncoding = 4; lastKnownFileType = sourcecode.c.h; path = DOPDataTestDataNullStruct.h; sourceTree = "<group>"; };
		E2B897998468F41EF37DA861 /* DOPMathMathTest.m */ = {isa = PBXFileReference; fileEncoding = 4; lastKnownFileType = sourcecode.c.objc; path = DOPMathMathTest.m; sourceTree = "<group>"; };
		E2B8979F04006B2C8492557D /* DOPDataTestData.m */ = {isa = PBXFileReference; fileEncoding = 4; lastKnownFileType = sourcecode.c.objc; path = DOPDataTestData.m; sourceTree = "<group>"; };
		E2B897C6241EC790C2A2584A /* TestData.m */ = {isa = PBXFileReference; fileEncoding = 4; lastKnownFileType = sourcecode.c.objc; path = TestData.m; sourceTree = "<group>"; };
		E2B897CB9EC7409954AEADEE /* DOPRoleResponseDemoRole.m */ = {isa = PBXFileReference; fileEncoding = 4; lastKnownFileType = sourcecode.c.objc; path = DOPRoleResponseDemoRole.m; sourceTree = "<group>"; };
		E2B897DDE5A51EE5B166AEEC /* DOPDataSimpleData.m */ = {isa = PBXFileReference; fileEncoding = 4; lastKnownFileType = sourcecode.c.objc; path = DOPDataSimpleData.m; sourceTree = "<group>"; };
		E2B89800A76DD5B913674CC7 /* DOPRoleResponseDemoData.h */ = {isa = PBXFileReference; fileEncoding = 4; lastKnownFileType = sourcecode.c.h; path = DOPRoleResponseDemoData.h; sourceTree = "<group>"; };
		E2B8982C132E827435F2465D /* DOPRolePostRequestNewRole.h */ = {isa = PBXFileReference; fileEncoding = 4; lastKnownFileType = sourcecode.c.h; path = DOPRolePostRequestNewRole.h; sourceTree = "<group>"; };
		E2B8983D1307764628BF60DB /* main.m */ = {isa = PBXFileReference; fileEncoding = 4; lastKnownFileType = sourcecode.c.objc; path = main.m; sourceTree = "<group>"; };
		E2B898A846D78BAD2EA5D58F /* DOPRoleDeleteRequestDemoRole.m */ = {isa = PBXFileReference; fileEncoding = 4; lastKnownFileType = sourcecode.c.objc; path = DOPRoleDeleteRequestDemoRole.m; sourceTree = "<group>"; };
		E2B898C727F96FD1C333FAE1 /* DOPDataTestArr.h */ = {isa = PBXFileReference; fileEncoding = 4; lastKnownFileType = sourcecode.c.h; path = DOPDataTestArr.h; sourceTree = "<group>"; };
		E2B898E5DDF08F9CA322B0DF /* mytest */ = {isa = PBXFileReference; explicitFileType = "compiled.mach-o.executable"; includeInIndex = 0; path = mytest; sourceTree = BUILT_PRODUCTS_DIR; };
		E2B898F4704EBCB79808CC2D /* FFANDOPUtils.m */ = {isa = PBXFileReference; fileEncoding = 4; lastKnownFileType = sourcecode.c.objc; path = FFANDOPUtils.m; sourceTree = "<group>"; };
		E2B89AA0378D43658AF6FD17 /* FFANDOPProtocol.m */ = {isa = PBXFileReference; fileEncoding = 4; lastKnownFileType = sourcecode.c.objc; path = FFANDOPProtocol.m; sourceTree = "<group>"; };
		E2B89ADF92FD8C76F66B6892 /* TestBin.m */ = {isa = PBXFileReference; fileEncoding = 4; lastKnownFileType = sourcecode.c.objc; path = TestBin.m; sourceTree = "<group>"; };
		E2B89AEC01E7C6F8AEB772CC /* DOPRolePutResponseDemoRole.h */ = {isa = PBXFileReference; fileEncoding = 4; lastKnownFileType = sourcecode.c.h; path = DOPRolePutResponseDemoRole.h; sourceTree = "<group>"; };
		E2B89B15776F131129A3442B /* DOPMathRequestAdd.m */ = {isa = PBXFileReference; fileEncoding = 4; lastKnownFileType = sourcecode.c.objc; path = DOPMathRequestAdd.m; sourceTree = "<group>"; };
		E2B89B5A073420602B332BC8 /* DOPRoleDeleteRequestDemoRole.h */ = {isa = PBXFileReference; fileEncoding = 4; lastKnownFileType = sourcecode.c.h; path = DOPRoleDeleteRequestDemoRole.h; sourceTree = "<group>"; };
		E2B89B90A9DC2D26EF254E83 /* FFANDOPUtils.h */ = {isa = PBXFileReference; fileEncoding = 4; lastKnownFileType = sourcecode.c.h; path = FFANDOPUtils.h; sourceTree = "<group>"; };
		E2B89BA2D23631A5DA75975D /* DOPRoleResponseDemoRole.h */ = {isa = PBXFileReference; fileEncoding = 4; lastKnownFileType = sourcecode.c.h; path = DOPRoleResponseDemoRole.h; sourceTree = "<group>"; };
		E2B89BB03058A02A52389745 /* DOPRoleRequestDemoData.h */ = {isa = PBXFileReference; fileEncoding = 4; lastKnownFileType = sourcecode.c.h; path = DOPRoleRequestDemoData.h; sourceTree = "<group>"; };
		E2B89C060EA664F577670578 /* DOPMathRequestAdd.h */ = {isa = PBXFileReference; fileEncoding = 4; lastKnownFileType = sourcecode.c.h; path = DOPMathRequestAdd.h; sourceTree = "<group>"; };
		E2B89C2080E4751901D2BF4B /* DOPRoleRoleInfoChildren.m */ = {isa = PBXFileReference; fileEncoding = 4; lastKnownFileType = sourcecode.c.objc; path = DOPRoleRoleInfoChildren.m; sourceTree = "<group>"; };
		E2B89C546E71A65CD964A48C /* DOPRoleRequestDemoData.m */ = {isa = PBXFileReference; fileEncoding = 4; lastKnownFileType = sourcecode.c.objc; path = DOPRoleRequestDemoData.m; sourceTree = "<group>"; };
		E2B89CEE440F64BD7257F986 /* FFANDOPDecode.h */ = {isa = PBXFileReference; fileEncoding = 4; lastKnownFileType = sourcecode.c.h; path = FFANDOPDecode.h; sourceTree = "<group>"; };
		E2B89CF9D5332E86D22F5BDB /* DOPDataTestDataNullStruct.m */ = {isa = PBXFileReference; fileEncoding = 4; lastKnownFileType = sourcecode.c.objc; path = DOPDataTestDataNullStruct.m; sourceTree = "<group>"; };
		E2B89D3796A4A38669D3020E /* JsonTest.h */ = {isa = PBXFileReference; fileEncoding = 4; lastKnownFileType = sourcecode.c.h; path = JsonTest.h; sourceTree = "<group>"; };
		E2B89DA12FA026BFBB43BB21 /* DOPRolePostResponseDemoRole.m */ = {isa = PBXFileReference; fileEncoding = 4; lastKnownFileType = sourcecode.c.objc; path = DOPRolePostResponseDemoRole.m; sourceTree = "<group>"; };
		E2B89DC6243A9EE99B43B77E /* DOPDataTestArr.m */ = {isa = PBXFileReference; fileEncoding = 4; lastKnownFileType = sourcecode.c.objc; path = DOPDataTestArr.m; sourceTree = "<group>"; };
		E2B89E4F9C8E61177FBE2657 /* FFANDOPEncode.m */ = {isa = PBXFileReference; fileEncoding = 4; lastKnownFileType = sourcecode.c.objc; path = FFANDOPEncode.m; sourceTree = "<group>"; };
		E2B89E681DE8632AE6B29DEF /* DOPRolePutRequestDemoRole.m */ = {isa = PBXFileReference; fileEncoding = 4; lastKnownFileType = sourcecode.c.objc; path = DOPRolePutRequestDemoRole.m; sourceTree = "<group>"; };
		E2B89E8475DE2C30A3A56C05 /* DOPMathMathTestTestArr.h */ = {isa = PBXFileReference; fileEncoding = 4; lastKnownFileType = sourcecode.c.h; path = DOPMathMathTestTestArr.h; sourceTree = "<group>"; };
		E2B89EC45CF591B7379F3818 /* DOPRolePutResponseDemoRole.m */ = {isa = PBXFileReference; fileEncoding = 4; lastKnownFileType = sourcecode.c.objc; path = DOPRolePutResponseDemoRole.m; sourceTree = "<group>"; };
		E2B89EF1D9109CCCB8DA9515 /* DOPMathResponseAdd.h */ = {isa = PBXFileReference; fileEncoding = 4; lastKnownFileType = sourcecode.c.h; path = DOPMathResponseAdd.h; sourceTree = "<group>"; };
		E2B89F2A3A1EC77120AD55AB /* DOPRoleDeleteResponseDemoRole.m */ = {isa = PBXFileReference; fileEncoding = 4; lastKnownFileType = sourcecode.c.objc; path = DOPRoleDeleteResponseDemoRole.m; sourceTree = "<group>"; };
		E2B89F6FB96062BC3764AD30 /* DOPDataTestDataTestStruct.m */ = {isa = PBXFileReference; fileEncoding = 4; lastKnownFileType = sourcecode.c.objc; path = DOPDataTestDataTestStruct.m; sourceTree = "<group>"; };
		E2B89F74B13A36B7A7C1063A /* DOPRolePutResponseDemoRoleDataMap.m */ = {isa = PBXFileReference; fileEncoding = 4; lastKnownFileType = sourcecode.c.objc; path = DOPRolePutResponseDemoRoleDataMap.m; sourceTree = "<group>"; };
		E2B89FA541348CB5DDDEFF90 /* DOPRolePostRequestDemoRole.m */ = {isa = PBXFileReference; fileEncoding = 4; lastKnownFileType = sourcecode.c.objc; path = DOPRolePostRequestDemoRole.m; sourceTree = "<group>"; };
		E2B89FC64E1FCF24DB7CE130 /* DOPRolePutRequestDemoRole.h */ = {isa = PBXFileReference; fileEncoding = 4; lastKnownFileType = sourcecode.c.h; path = DOPRolePutRequestDemoRole.h; sourceTree = "<group>"; };
/* End PBXFileReference section */

/* Begin PBXFrameworksBuildPhase section */
		E2B89F9CA2E909EF68FDBEC3 /* Frameworks */ = {
			isa = PBXFrameworksBuildPhase;
			buildActionMask = 2147483647;
			files = (
			);
			runOnlyForDeploymentPostprocessing = 0;
		};
/* End PBXFrameworksBuildPhase section */

/* Begin PBXGroup section */
		E2B890381E73698F07A1E56E /* demo */ = {
			isa = PBXGroup;
			children = (
				E2B89DE9030FFBAF4577E343 /* data */,
				E2B89377D107AE88BACCFE20 /* math */,
				E2B891F406F214EF7A230C2F /* role */,
			);
			path = demo;
			sourceTree = "<group>";
		};
		E2B890B272B0297E5A056DFD /* dop */ = {
			isa = PBXGroup;
			children = (
				E2B898F4704EBCB79808CC2D /* FFANDOPUtils.m */,
				E2B89B90A9DC2D26EF254E83 /* FFANDOPUtils.h */,
				E2B89E4F9C8E61177FBE2657 /* FFANDOPEncode.m */,
				E2B896D0C6A7E2D9E680A276 /* FFANDOPEncode.h */,
				E2B890AAC5F7B027F5D3399E /* FFANDOPDecode.m */,
				E2B89CEE440F64BD7257F986 /* FFANDOPDecode.h */,
				E2B89AA0378D43658AF6FD17 /* FFANDOPProtocol.m */,
				E2B8937B8348EAF7212820B9 /* FFANDOPProtocol.h */,
			);
			path = dop;
			sourceTree = "<group>";
		};
		E2B891F406F214EF7A230C2F /* role */ = {
			isa = PBXGroup;
			children = (
				E2B8922BABDD9E6E4789D293 /* DOPRoleRoleInfo.h */,
				E2B89433240A9EB1EF1DBB93 /* DOPRoleRoleInfo.m */,
				E2B89BB03058A02A52389745 /* DOPRoleRequestDemoData.h */,
				E2B89C546E71A65CD964A48C /* DOPRoleRequestDemoData.m */,
				E2B8938D83B7AF9C47D35545 /* DOPRoleRequestDemoRole.h */,
				E2B895CBF130E4543A089579 /* DOPRoleRequestDemoRole.m */,
				E2B89800A76DD5B913674CC7 /* DOPRoleResponseDemoData.h */,
				E2B893985DFA95AC689E2601 /* DOPRoleResponseDemoData.m */,
				E2B89BA2D23631A5DA75975D /* DOPRoleResponseDemoRole.h */,
				E2B897CB9EC7409954AEADEE /* DOPRoleResponseDemoRole.m */,
				E2B89160EBFB2129D7E2DE87 /* DOPRoleRoleInfoChildren.h */,
				E2B89C2080E4751901D2BF4B /* DOPRoleRoleInfoChildren.m */,
				E2B8982C132E827435F2465D /* DOPRolePostRequestNewRole.h */,
				E2B8955292B24C28B44A6204 /* DOPRolePostRequestNewRole.m */,
				E2B89FC64E1FCF24DB7CE130 /* DOPRolePutRequestDemoRole.h */,
				E2B89E681DE8632AE6B29DEF /* DOPRolePutRequestDemoRole.m */,
				E2B89022903C46A20711A33C /* DOPRolePostRequestDemoRole.h */,
				E2B89FA541348CB5DDDEFF90 /* DOPRolePostRequestDemoRole.m */,
				E2B8934DDFA89BEDECD687AC /* DOPRolePostResponseNewRole.h */,
				E2B893DE43F95A8C190FC7E9 /* DOPRolePostResponseNewRole.m */,
				E2B89AEC01E7C6F8AEB772CC /* DOPRolePutResponseDemoRole.h */,
				E2B89EC45CF591B7379F3818 /* DOPRolePutResponseDemoRole.m */,
				E2B8901A22EFDF33D78B6FC2 /* DOPRolePostResponseDemoRole.h */,
				E2B89DA12FA026BFBB43BB21 /* DOPRolePostResponseDemoRole.m */,
				E2B89B5A073420602B332BC8 /* DOPRoleDeleteRequestDemoRole.h */,
				E2B898A846D78BAD2EA5D58F /* DOPRoleDeleteRequestDemoRole.m */,
				E2B8926396141340E0950A57 /* DOPRoleDeleteResponseDemoRole.h */,
				E2B89F2A3A1EC77120AD55AB /* DOPRoleDeleteResponseDemoRole.m */,
				E2B8936D2EE74492570E623F /* DOPRolePutResponseDemoRoleDataMap.h */,
				E2B89F74B13A36B7A7C1063A /* DOPRolePutResponseDemoRoleDataMap.m */,
				E2B89014ED0E4ADF171F3107 /* DOPRolePutResponseDemoRoleDataMapDemo.h */,
				E2B8970A1CD21A96FDA38F1C /* DOPRolePutResponseDemoRoleDataMapDemo.m */,
			);
			path = role;
			sourceTree = "<group>";
		};
		E2B89377D107AE88BACCFE20 /* math */ = {
			isa = PBXGroup;
			children = (
				E2B890C89810EF7C7D27B735 /* DOPMathMathTest.h */,
				E2B897998468F41EF37DA861 /* DOPMathMathTest.m */,
				E2B89C060EA664F577670578 /* DOPMathRequestAdd.h */,
				E2B89B15776F131129A3442B /* DOPMathRequestAdd.m */,
				E2B89EF1D9109CCCB8DA9515 /* DOPMathResponseAdd.h */,
				E2B8957F275813D41D255EBF /* DOPMathResponseAdd.m */,
				E2B89E8475DE2C30A3A56C05 /* DOPMathMathTestTestArr.h */,
				E2B89659DBB7C7DFE4D0BED2 /* DOPMathMathTestTestArr.m */,
			);
			path = math;
			sourceTree = "<group>";
		};
		E2B8963FFE0521E59398652A /* ffan */ = {
			isa = PBXGroup;
			children = (
				E2B890B272B0297E5A056DFD /* dop */,
				E2B890381E73698F07A1E56E /* demo */,
			);
			path = ffan;
			sourceTree = "<group>";
		};
		E2B89B1BFDC70009E2E03E46 /* mytest */ = {
			isa = PBXGroup;
			children = (
				E2B8983D1307764628BF60DB /* main.m */,
				E2B897C6241EC790C2A2584A /* TestData.m */,
				E2B8945BBD571E72A44F15ED /* TestData.h */,
				E2B89ADF92FD8C76F66B6892 /* TestBin.m */,
				E2B89656729ED3C1E6424E76 /* TestBin.h */,
				E2B892D29030D1CACC2B3068 /* JsonTest.m */,
				E2B89D3796A4A38669D3020E /* JsonTest.h */,
				E2B8963FFE0521E59398652A /* ffan */,
			);
			path = mytest;
			sourceTree = "<group>";
		};
		E2B89DB3B4680BF61CB7DAF4 /* Products */ = {
			isa = PBXGroup;
			children = (
				E2B898E5DDF08F9CA322B0DF /* mytest */,
			);
			name = Products;
			sourceTree = "<group>";
		};
		E2B89DDD2CF8E36DBB749AC2 = {
			isa = PBXGroup;
			children = (
				E2B89DB3B4680BF61CB7DAF4 /* Products */,
				E2B89B1BFDC70009E2E03E46 /* mytest */,
			);
			sourceTree = "<group>";
		};
		E2B89DE9030FFBAF4577E343 /* data */ = {
			isa = PBXGroup;
			children = (
				E2B898C727F96FD1C333FAE1 /* DOPDataTestArr.h */,
				E2B89DC6243A9EE99B43B77E /* DOPDataTestArr.m */,
				E2B895447DC894B54C232D50 /* DOPDataTestData.h */,
				E2B8979F04006B2C8492557D /* DOPDataTestData.m */,
				E2B8909F721F70F1C4B3BF73 /* DOPDataSimpleData.h */,
				E2B897DDE5A51EE5B166AEEC /* DOPDataSimpleData.m */,
				E2B8970EA0D20F081A4124C5 /* DOPDataTestDataNullStruct.h */,
				E2B89CF9D5332E86D22F5BDB /* DOPDataTestDataNullStruct.m */,
				E2B8917CCC4E995DCF4070BA /* DOPDataTestDataTestStruct.h */,
				E2B89F6FB96062BC3764AD30 /* DOPDataTestDataTestStruct.m */,
			);
			path = data;
			sourceTree = "<group>";
		};
/* End PBXGroup section */

/* Begin PBXNativeTarget section */
		E2B89DFCA228F7E0C52D9241 /* mytest */ = {
			isa = PBXNativeTarget;
			buildConfigurationList = E2B89F2CD59391E8DA72E06E /* Build configuration list for PBXNativeTarget "mytest" */;
			buildPhases = (
				E2B8942C35057F8847B2F119 /* Sources */,
				E2B89F9CA2E909EF68FDBEC3 /* Frameworks */,
				E2B8985876A8F70CE5689D7F /* CopyFiles */,
			);
			buildRules = (
			);
			dependencies = (
			);
			name = mytest;
			productName = mytest;
			productReference = E2B898E5DDF08F9CA322B0DF /* mytest */;
			productType = "com.apple.product-type.tool";
		};
/* End PBXNativeTarget section */

/* Begin PBXProject section */
		E2B8964307BA5C51A8FE1675 /* Project object */ = {
			isa = PBXProject;
			attributes = {
				ORGANIZATIONNAME = __DOP__;
			};
			buildConfigurationList = E2B897B1289CC48E1C8CCD86 /* Build configuration list for PBXProject "mytest" */;
			compatibilityVersion = "Xcode 3.2";
			developmentRegion = English;
			hasScannedForEncodings = 0;
			knownRegions = (
				en,
			);
			mainGroup = E2B89DDD2CF8E36DBB749AC2;
			productRefGroup = E2B89DB3B4680BF61CB7DAF4 /* Products */;
			projectDirPath = "";
			projectRoot = "";
			targets = (
				E2B89DFCA228F7E0C52D9241 /* mytest */,
			);
		};
/* End PBXProject section */

/* Begin PBXSourcesBuildPhase section */
		E2B8942C35057F8847B2F119 /* Sources */ = {
			isa = PBXSourcesBuildPhase;
			buildActionMask = 2147483647;
			files = (
				E2B89A098B369575F8E86652 /* main.m in Sources */,
				E2B89049F794D944E8EB40A9 /* TestData.m in Sources */,
				E2B899ABF57B42494449F9C6 /* TestBin.m in Sources */,
				E2B897565191EE10E055E7CC /* JsonTest.m in Sources */,
				E2B8948FEB1DD22C8E17F86B /* FFANDOPUtils.m in Sources */,
				E2B89EAC169E105FF81F7B69 /* DOPDataTestArr.m in Sources */,
				E2B897D4C10C07E99D33829E /* DOPDataTestData.m in Sources */,
				E2B8999667884CBBEA4658A2 /* DOPDataSimpleData.m in Sources */,
				E2B8908A5934F096A8492540 /* DOPDataTestDataNullStruct.m in Sources */,
				E2B895BD39ADFDA1AEFDD521 /* DOPDataTestDataTestStruct.m in Sources */,
				E2B893FE1936F12875C775EA /* DOPMathMathTest.m in Sources */,
				E2B897E96AF312193342D907 /* DOPMathRequestAdd.m in Sources */,
				E2B891C6E42A3C38BE204C14 /* DOPMathResponseAdd.m in Sources */,
				E2B89DF357D574A6F8F7D9CA /* DOPMathMathTestTestArr.m in Sources */,
				E2B8953AF3BFE067053C7614 /* DOPRoleRoleInfo.m in Sources */,
				E2B89DD56BA299C00BC52BD5 /* DOPRoleRequestDemoData.m in Sources */,
				E2B895A0120FD2A70C4944CF /* DOPRoleRequestDemoRole.m in Sources */,
				E2B89CB97099B5C445153C7A /* DOPRoleResponseDemoData.m in Sources */,
				E2B8999D01EE20D3E6989374 /* DOPRoleResponseDemoRole.m in Sources */,
				E2B894EBEE6EED51B5C1AF25 /* DOPRoleRoleInfoChildren.m in Sources */,
				E2B893FAD4A9EBD2C17C2597 /* DOPRolePostRequestNewRole.m in Sources */,
				E2B8985685868646FF387503 /* DOPRolePutRequestDemoRole.m in Sources */,
				E2B89E1B82A8C0DA32B0F383 /* DOPRolePostRequestDemoRole.m in Sources */,
				E2B895A8277AA16DBB9109BE /* DOPRolePostResponseNewRole.m in Sources */,
				E2B89D8D244336C2ABEB9147 /* DOPRolePutResponseDemoRole.m in Sources */,
				E2B891C3B58A3D05CFB944A2 /* DOPRolePostResponseDemoRole.m in Sources */,
				E2B8934B8DB4F0747A79D927 /* DOPRoleDeleteRequestDemoRole.m in Sources */,
				E2B89EC20C769F2D3D169D63 /* DOPRoleDeleteResponseDemoRole.m in Sources */,
				E2B896DC53B07E0994D73DC8 /* DOPRolePutResponseDemoRoleDataMap.m in Sources */,
				E2B89EEFBB029BEF19A9B12A /* DOPRolePutResponseDemoRoleDataMapDemo.m in Sources */,
				E2B89F08B3D3C862C7E5258B /* FFANDOPEncode.m in Sources */,
				E2B89E472AF2713E14ABF2DC /* FFANDOPDecode.m in Sources */,
				E2B89EC67B27178E649CA98D /* FFANDOPProtocol.m in Sources */,
			);
			runOnlyForDeploymentPostprocessing = 0;
		};
/* End PBXSourcesBuildPhase section */

/* Begin XCBuildConfiguration section */
		E2B897799D444DF6B3390544 /* Release */ = {
			isa = XCBuildConfiguration;
			buildSettings = {
				ALWAYS_SEARCH_USER_PATHS = NO;
				CLANG_ANALYZER_NONNULL = YES;
				CLANG_ANALYZER_NUMBER_OBJECT_CONVERSION = YES_AGGRESSIVE;
				CLANG_CXX_LANGUAGE_STANDARD = "gnu++0x";
				CLANG_CXX_LIBRARY = "libc++";
				CLANG_ENABLE_MODULES = YES;
				CLANG_ENABLE_OBJC_ARC = YES;
				CLANG_WARN_BOOL_CONVERSION = YES;
				CLANG_WARN_CONSTANT_CONVERSION = YES;
				CLANG_WARN_DIRECT_OBJC_ISA_USAGE = YES_ERROR;
				CLANG_WARN_DOCUMENTATION_COMMENTS = YES;
				CLANG_WARN_EMPTY_BODY = YES;
				CLANG_WARN_ENUM_CONVERSION = YES;
				CLANG_WARN_INFINITE_RECURSION = YES;
				CLANG_WARN_INT_CONVERSION = YES;
				CLANG_WARN_OBJC_ROOT_CLASS = YES_ERROR;
				CLANG_WARN_SUSPICIOUS_MOVE = YES;
				CLANG_WARN_UNREACHABLE_CODE = YES;
				CLANG_WARN__DUPLICATE_METHOD_MATCH = YES;
				CODE_SIGN_IDENTITY = "-";
				COPY_PHASE_STRIP = NO;
				DEBUG_INFORMATION_FORMAT = "dwarf-with-dsym";
				ENABLE_NS_ASSERTIONS = NO;
				ENABLE_STRICT_OBJC_MSGSEND = YES;
				GCC_C_LANGUAGE_STANDARD = gnu99;
				GCC_NO_COMMON_BLOCKS = YES;
				GCC_WARN_64_TO_32_BIT_CONVERSION = YES;
				GCC_WARN_ABOUT_RETURN_TYPE = YES_ERROR;
				GCC_WARN_UNDECLARED_SELECTOR = YES;
				GCC_WARN_UNINITIALIZED_AUTOS = YES_AGGRESSIVE;
				GCC_WARN_UNUSED_FUNCTION = YES;
				GCC_WARN_UNUSED_VARIABLE = YES;
				MACOSX_DEPLOYMENT_TARGET = 10.12;
				MTL_ENABLE_DEBUG_INFO = NO;
				SDKROOT = macosx;
			};
			name = Release;
		};
		E2B89865836F197A0B4F8EB5 /* Debug */ = {
			isa = XCBuildConfiguration;
			buildSettings = {
				PRODUCT_NAME = "$(TARGET_NAME)";
			};
			name = Debug;
		};
		E2B8991FD5D0F8FEC2124980 /* Debug */ = {
			isa = XCBuildConfiguration;
			buildSettings = {
				ALWAYS_SEARCH_USER_PATHS = NO;
				CLANG_ANALYZER_NONNULL = YES;
				CLANG_ANALYZER_NUMBER_OBJECT_CONVERSION = YES_AGGRESSIVE;
				CLANG_CXX_LANGUAGE_STANDARD = "gnu++0x";
				CLANG_CXX_LIBRARY = "libc++";
				CLANG_ENABLE_MODULES = YES;
				CLANG_ENABLE_OBJC_ARC = YES;
				CLANG_WARN_BOOL_CONVERSION = YES;
				CLANG_WARN_CONSTANT_CONVERSION = YES;
				CLANG_WARN_DIRECT_OBJC_ISA_USAGE = YES_ERROR;
				CLANG_WARN_DOCUMENTATION_COMMENTS = YES;
				CLANG_WARN_EMPTY_BODY = YES;
				CLANG_WARN_ENUM_CONVERSION = YES;
				CLANG_WARN_INFINITE_RECURSION = YES;
				CLANG_WARN_INT_CONVERSION = YES;
				CLANG_WARN_OBJC_ROOT_CLASS = YES_ERROR;
				CLANG_WARN_SUSPICIOUS_MOVE = YES;
				CLANG_WARN_UNREACHABLE_CODE = YES;
				CLANG_WARN__DUPLICATE_METHOD_MATCH = YES;
				CODE_SIGN_IDENTITY = "-";
				COPY_PHASE_STRIP = NO;
				DEBUG_INFORMATION_FORMAT = dwarf;
				ENABLE_STRICT_OBJC_MSGSEND = YES;
				ENABLE_TESTABILITY = YES;
				GCC_C_LANGUAGE_STANDARD = gnu99;
				GCC_DYNAMIC_NO_PIC = NO;
				GCC_NO_COMMON_BLOCKS = YES;
				GCC_OPTIMIZATION_LEVEL = 0;
				GCC_PREPROCESSOR_DEFINITIONS = (
					"DEBUG=1",
					"$(inherited)",
				);
				GCC_WARN_64_TO_32_BIT_CONVERSION = YES;
				GCC_WARN_ABOUT_RETURN_TYPE = YES_ERROR;
				GCC_WARN_UNDECLARED_SELECTOR = YES;
				GCC_WARN_UNINITIALIZED_AUTOS = YES_AGGRESSIVE;
				GCC_WARN_UNUSED_FUNCTION = YES;
				GCC_WARN_UNUSED_VARIABLE = YES;
				MACOSX_DEPLOYMENT_TARGET = 10.12;
				MTL_ENABLE_DEBUG_INFO = YES;
				ONLY_ACTIVE_ARCH = YES;
				SDKROOT = macosx;
			};
			name = Debug;
		};
		E2B89C7D821EFBC579802809 /* Release */ = {
			isa = XCBuildConfiguration;
			buildSettings = {
				PRODUCT_NAME = "$(TARGET_NAME)";
			};
			name = Release;
		};
/* End XCBuildConfiguration section */

/* Begin XCConfigurationList section */
		E2B897B1289CC48E1C8CCD86 /* Build configuration list for PBXProject "mytest" */ = {
			isa = XCConfigurationList;
			buildConfigurations = (
				E2B8991FD5D0F8FEC2124980 /* Debug */,
				E2B897799D444DF6B3390544 /* Release */,
			);
			defaultConfigurationIsVisible = 0;
			defaultConfigurationName = Release;
		};
		E2B89F2CD59391E8DA72E06E /* Build configuration list for PBXNativeTarget "mytest" */ = {
			isa = XCConfigurationList;
			buildConfigurations = (
				E2B89865836F197A0B4F8EB5 /* Debug */,
				E2B89C7D821EFBC579802809 /* Release */,
			);
			defaultConfigurationIsVisible = 0;
		};
/* End XCConfigurationList section */
	};
	rootObject = E2B8964307BA5C51A8FE1675 /* Project object */;
}
